lockfileVersion: '9.0'

settings:
  autoInstallPeers: true
  excludeLinksFromLockfile: false

importers:

  .:
    dependencies:
      brace-expansion:
        specifier: 5.0.11
        version: 5.0.11
      http-cache-semantics:
        specifier: 4.3.0
        version: 4.3.0
      undici:
        specifier: 6.28.1
        version: 6.28.1

packages:

  balanced-match@4.0.4:
    resolution: {integrity: sha512-BLrgEcRTwX2o6gGxGOCNyMvGSp35YofuYzw9h1IMTRmKqttAZZVU67bdb9Pr2vUHA8+j3i2tJfjO6C6+4myGTA==}
    engines: {node: 18 || 20 || >=22}

  brace-expansion@5.0.11:
    resolution: {integrity: sha512-awigjhi6cLTh90bdw6+QJ9CtmJmyYhEIi70iCbc8Rozn04Fw9FeQIBjv/E22FFGuCGx1bLJyUfB64x/szUSXUg==}
    engines: {node: 20 || >=22}

  http-cache-semantics@4.3.0:
    resolution: {integrity: sha512-M5t5LlJpS1UHMjvwRQVdFHvPISGeLAxNcrWuJkeGh0KxsqCHZ1O3NXZU/8x7cD0BDcGW8kapxMKTvwlqrNkHkA==}

  undici@6.28.1:
    resolution: {integrity: sha512-zWpdTVD54H48CIybL0rWQ3ukpb9d23wM7eH5RtfdmeP70cWHNjtfo7P4vZX+5CoDcO53J4Pu5uXp7lNfjc6DRA==}
    engines: {node: '>=18.17'}

snapshots:

  balanced-match@4.0.4: {}

  brace-expansion@5.0.11:
    dependencies:
      balanced-match: 4.0.4

  http-cache-semantics@4.3.0: {}

  undici@6.28.1: {}
